
Microsoft Visual Studio Solution File, Format Version 12.00
# Visual Studio 14
VisualStudioVersion = 14.0.25420.1
MinimumVisualStudioVersion = 10.0.40219.1
Project("{FAE04EC0-301F-11D3-BF4B-00C04F79EFBC}") = "pcbAgentService", "pcbAgentService\pcbAgentService.csproj", "{75278FA3-16DD-414C-AD8E-33C08CBD3F2B}"
EndProject
Project("{FAE04EC0-301F-11D3-BF4B-00C04F79EFBC}") = "pcbAgentLib", "pcbAgentLib\pcbAgentLib.csproj", "{05CC4ECA-EB79-45A3-A91F-3FA785174A02}"
EndProject
Project("{FAE04EC0-301F-11D3-BF4B-00C04F79EFBC}") = "pcbAgentUnitTest", "pcbAgentUnitTest\pcbAgentUnitTest.csproj", "{8CC0745D-E3FF-42E6-B711-EF40E61664C6}"
	ProjectSection(ProjectDependencies) = postProject
		{05CC4ECA-EB79-45A3-A91F-3FA785174A02} = {05CC4ECA-EB79-45A3-A91F-3FA785174A02}
	EndProjectSection
EndProject
Global
	GlobalSection(SolutionConfigurationPlatforms) = preSolution
		Debug|Any CPU = Debug|Any CPU
		Release|Any CPU = Release|Any CPU
	EndGlobalSection
	GlobalSection(ProjectConfigurationPlatforms) = postSolution
		{75278FA3-16DD-414C-AD8E-33C08CBD3F2B}.Debug|Any CPU.ActiveCfg = Debug|Any CPU
		{75278FA3-16DD-414C-AD8E-33C08CBD3F2B}.Debug|Any CPU.Build.0 = Debug|Any CPU
		{75278FA3-16DD-414C-AD8E-33C08CBD3F2B}.Release|Any CPU.ActiveCfg = Release|Any CPU
		{75278FA3-16DD-414C-AD8E-33C08CBD3F2B}.Release|Any CPU.Build.0 = Release|Any CPU
		{05CC4ECA-EB79-45A3-A91F-3FA785174A02}.Debug|Any CPU.ActiveCfg = Debug|Any CPU
		{05CC4ECA-EB79-45A3-A91F-3FA785174A02}.Debug|Any CPU.Build.0 = Debug|Any CPU
		{05CC4ECA-EB79-45A3-A91F-3FA785174A02}.Release|Any CPU.ActiveCfg = Release|Any CPU
		{05CC4ECA-EB79-45A3-A91F-3FA785174A02}.Release|Any CPU.Build.0 = Release|Any CPU
		{8CC0745D-E3FF-42E6-B711-EF40E61664C6}.Debug|Any CPU.ActiveCfg = Debug|Any CPU
		{8CC0745D-E3FF-42E6-B711-EF40E61664C6}.Debug|Any CPU.Build.0 = Debug|Any CPU
		{8CC0745D-E3FF-42E6-B711-EF40E61664C6}.Release|Any CPU.ActiveCfg = Release|Any CPU
		{8CC0745D-E3FF-42E6-B711-EF40E61664C6}.Release|Any CPU.Build.0 = Release|Any CPU
	EndGlobalSection
	GlobalSection(SolutionProperties) = preSolution
		HideSolutionNode = FALSE
	EndGlobalSection
EndGlobal
